{
    "_readme": [
        "This file locks the dependencies of your project to a known state",
        "Read more about it at https://getcomposer.org/doc/01-basic-usage.md#composer-lock-the-lock-file",
        "This file is @generated automatically"
    ],
    "hash": "cde663ebc88e96de0ed0e0a63344e058",
    "packages": [
        {
            "name": "sandrokeil/interop-config",
            "version": "dev-master",
            "source": {
                "type": "git",
                "url": "https://github.com/sandrokeil/interop-config.git",
                "reference": "899f3b9a48559e34076ba809e40c367bf2ca2b06"
            },
            "dist": {
                "type": "zip",
                "url": "https://api.github.com/repos/sandrokeil/interop-config/zipball/899f3b9a48559e34076ba809e40c367bf2ca2b06",
                "reference": "899f3b9a48559e34076ba809e40c367bf2ca2b06",
                "shasum": ""
            },
            "require": {
                "php": ">=5.5"
            },
            "require-dev": {
                "phpunit/php-invoker": "~1.1",
                "phpunit/phpunit": "~4.8",
                "squizlabs/php_codesniffer": "~2.3"
            },
            "type": "library",
            "extra": {
                "branch-alias": {
                    "dev-master": "1.0-dev",
                    "dev-develop": "1.1-dev"
                }
            },
            "autoload": {
                "psr-4": {
                    "Interop\\Config\\": "src/"
                }
            },
            "notification-url": "https://packagist.org/downloads/",
            "license": [
                "BSD-3-Clause"
            ],
            "authors": [
                {
                    "name": "Sandro Keil",
                    "homepage": "https://sandro-keil.de"
                }
            ],
            "description": "Provides interfaces and classes to create instances depending on configuration with mandatory param check and uniform config structure.",
            "homepage": "https://github.com/sandrokeil/interop-config",
            "keywords": [
                "config",
                "interop",
                "options",
                "service"
            ],
            "time": "2015-09-05 19:39:55"
        }
    ],
    "packages-dev": [],
    "aliases": [],
    "minimum-stability": "stable",
    "stability-flags": {
        "sandrokeil/interop-config": 20
    },
    "prefer-stable": false,
    "prefer-lowest": false,
    "platform": [],
    "platform-dev": []
}
